
Microsoft Visual Studio Solution File, Format Version 12.00
# Visual Studio Version 17
VisualStudioVersion = 17.13.35919.96
MinimumVisualStudioVersion = 10.0.40219.1
Project("{FAE04EC0-301F-11D3-BF4B-00C04F79EFBC}") = "BikeShop.Common", "BikeService.Common\BikeShop.Common.csproj", "{13B4D88D-2019-4CE0-AD8D-03F710AFCE8F}"
EndProject
Project("{FAE04EC0-301F-11D3-BF4B-00C04F79EFBC}") = "BikуShop.Console", "BikeService.Console\BikуShop.Console.csproj", "{04CC84A4-D253-4D2F-800B-36EC5F5AA021}"
EndProject
Global
	GlobalSection(SolutionConfigurationPlatforms) = preSolution
		Debug|Any CPU = Debug|Any CPU
		Release|Any CPU = Release|Any CPU
	EndGlobalSection
	GlobalSection(ProjectConfigurationPlatforms) = postSolution
		{13B4D88D-2019-4CE0-AD8D-03F710AFCE8F}.Debug|Any CPU.ActiveCfg = Debug|Any CPU
		{13B4D88D-2019-4CE0-AD8D-03F710AFCE8F}.Debug|Any CPU.Build.0 = Debug|Any CPU
		{13B4D88D-2019-4CE0-AD8D-03F710AFCE8F}.Release|Any CPU.ActiveCfg = Release|Any CPU
		{13B4D88D-2019-4CE0-AD8D-03F710AFCE8F}.Release|Any CPU.Build.0 = Release|Any CPU
		{04CC84A4-D253-4D2F-800B-36EC5F5AA021}.Debug|Any CPU.ActiveCfg = Debug|Any CPU
		{04CC84A4-D253-4D2F-800B-36EC5F5AA021}.Debug|Any CPU.Build.0 = Debug|Any CPU
		{04CC84A4-D253-4D2F-800B-36EC5F5AA021}.Release|Any CPU.ActiveCfg = Release|Any CPU
		{04CC84A4-D253-4D2F-800B-36EC5F5AA021}.Release|Any CPU.Build.0 = Release|Any CPU
	EndGlobalSection
	GlobalSection(SolutionProperties) = preSolution
		HideSolutionNode = FALSE
	EndGlobalSection
	GlobalSection(ExtensibilityGlobals) = postSolution
		SolutionGuid = {90A4E0DB-79CB-40AB-A016-D55843C0355C}
	EndGlobalSection
EndGlobal
